// !$*UTF8*$!
{
	archiveVersion = 1;
	classes = {
	};
	objectVersion = 46;
	objects = {

/* Begin PBXBuildFile section */
		32A4FEBC0562C75700D090E7 /* InfoPlist.strings in Resources */ = {isa = PBXBuildFile; fileRef = 089C167DFE841241C02AAC07 /* InfoPlist.strings */; };
		32A4FEBE0562C75700D090E7 /* gre.c in Sources */ = {isa = PBXBuildFile; fileRef = 1A224C3CFF42312311CA2CB7 /* gre.c */; settings = {ATTRIBUTES = (); }; };
		59059268129E8B5900E567E9 /* gre_if.h in Headers */ = {isa = PBXBuildFile; fileRef = 59059266129E8B5900E567E9 /* gre_if.h */; };
		59059269129E8B5900E567E9 /* gre_if.c in Sources */ = {isa = PBXBuildFile; fileRef = 59059267129E8B5900E567E9 /* gre_if.c */; };
		594EABD412E18C86004B211B /* route.h in Headers */ = {isa = PBXBuildFile; fileRef = 594EABD312E18C86004B211B /* route.h */; };
		594EABDA12E190DE004B211B /* radix.h in Headers */ = {isa = PBXBuildFile; fileRef = 594EABD912E190DE004B211B /* radix.h */; };
		59636A0212D993420013C8D8 /* gre_hash.h in Headers */ = {isa = PBXBuildFile; fileRef = 59636A0012D993420013C8D8 /* gre_hash.h */; };
		59636A0312D993420013C8D8 /* gre_hash.c in Sources */ = {isa = PBXBuildFile; fileRef = 59636A0112D993420013C8D8 /* gre_hash.c */; };
		5993EDBF12DC8BBF00177A0C /* protosw.h in Headers */ = {isa = PBXBuildFile; fileRef = 5993EDBE12DC8BBF00177A0C /* protosw.h */; };
		5993EDC812DC8C7B00177A0C /* domain.h in Headers */ = {isa = PBXBuildFile; fileRef = 5993EDC712DC8C7B00177A0C /* domain.h */; };
		59DA2AF412DB55DB00C2A1D9 /* gre_domain.h in Headers */ = {isa = PBXBuildFile; fileRef = 59DA2AF312DB55DB00C2A1D9 /* gre_domain.h */; };
		59FD48C512DB358000463FB2 /* gre_domain.c in Sources */ = {isa = PBXBuildFile; fileRef = 59FD48C412DB358000463FB2 /* gre_domain.c */; };
		59FD48C812DB38D700463FB2 /* in_gre.h in Headers */ = {isa = PBXBuildFile; fileRef = 59FD48C612DB38D700463FB2 /* in_gre.h */; };
		59FD48C912DB38D700463FB2 /* in_gre.c in Sources */ = {isa = PBXBuildFile; fileRef = 59FD48C712DB38D700463FB2 /* in_gre.c */; };
		59FEBA2012DEAA620089AA11 /* gre_ipfilter.c in Sources */ = {isa = PBXBuildFile; fileRef = 59FEBA1E12DEAA620089AA11 /* gre_ipfilter.c */; };
		59FEBA2112DEAA620089AA11 /* gre_ipfilter.h in Headers */ = {isa = PBXBuildFile; fileRef = 59FEBA1F12DEAA620089AA11 /* gre_ipfilter.h */; };
		59FEBA2B12DEB13E0089AA11 /* gre_config.h in Headers */ = {isa = PBXBuildFile; fileRef = 59FEBA2A12DEB13E0089AA11 /* gre_config.h */; };
/* End PBXBuildFile section */

/* Begin PBXFileReference section */
		089C167EFE841241C02AAC07 /* English */ = {isa = PBXFileReference; fileEncoding = 10; lastKnownFileType = text.plist.strings; name = English; path = English.lproj/InfoPlist.strings; sourceTree = "<group>"; };
		1A224C3CFF42312311CA2CB7 /* gre.c */ = {isa = PBXFileReference; fileEncoding = 4; lastKnownFileType = sourcecode.c.c; path = gre.c; sourceTree = "<group>"; };
		32A4FEC30562C75700D090E7 /* Info.plist */ = {isa = PBXFileReference; lastKnownFileType = text.plist.xml; path = Info.plist; sourceTree = "<group>"; };
		32A4FEC40562C75800D090E7 /* GRE.kext */ = {isa = PBXFileReference; explicitFileType = wrapper.cfbundle; includeInIndex = 0; path = GRE.kext; sourceTree = BUILT_PRODUCTS_DIR; };
		59059266129E8B5900E567E9 /* gre_if.h */ = {isa = PBXFileReference; fileEncoding = 4; lastKnownFileType = sourcecode.c.h; path = gre_if.h; sourceTree = "<group>"; };
		59059267129E8B5900E567E9 /* gre_if.c */ = {isa = PBXFileReference; fileEncoding = 4; indentWidth = 4; lastKnownFileType = sourcecode.c.c; path = gre_if.c; sourceTree = "<group>"; tabWidth = 4; usesTabs = 0; };
		5927A9F612B5293900E4DED1 /* Welcome.rtf */ = {isa = PBXFileReference; lastKnownFileType = text.rtf; path = Welcome.rtf; sourceTree = "<group>"; };
		5927A9F812B5294C00E4DED1 /* ReadMe.rtf */ = {isa = PBXFileReference; lastKnownFileType = text.rtf; path = ReadMe.rtf; sourceTree = "<group>"; };
		5927A9FA12B5295C00E4DED1 /* License.rtf */ = {isa = PBXFileReference; lastKnownFileType = text.rtf; path = License.rtf; sourceTree = "<group>"; };
		593D97D612DEB917005EE3D3 /* org.gmshake.launchd.GRE.plist */ = {isa = PBXFileReference; fileEncoding = 4; lastKnownFileType = text.plist.xml; path = org.gmshake.launchd.GRE.plist; sourceTree = "<group>"; };
		594EABD312E18C86004B211B /* route.h */ = {isa = PBXFileReference; fileEncoding = 4; lastKnownFileType = sourcecode.c.h; path = route.h; sourceTree = "<group>"; };
		594EABD912E190DE004B211B /* radix.h */ = {isa = PBXFileReference; fileEncoding = 4; lastKnownFileType = sourcecode.c.h; path = radix.h; sourceTree = "<group>"; };
		595C460012B66EA700A64934 /* postinstall.sh */ = {isa = PBXFileReference; fileEncoding = 4; lastKnownFileType = text.script.sh; path = postinstall.sh; sourceTree = "<group>"; };
		59636A0012D993420013C8D8 /* gre_hash.h */ = {isa = PBXFileReference; fileEncoding = 4; lastKnownFileType = sourcecode.c.h; path = gre_hash.h; sourceTree = "<group>"; };
		59636A0112D993420013C8D8 /* gre_hash.c */ = {isa = PBXFileReference; fileEncoding = 4; lastKnownFileType = sourcecode.c.c; path = gre_hash.c; sourceTree = "<group>"; };
		5993EDBE12DC8BBF00177A0C /* protosw.h */ = {isa = PBXFileReference; fileEncoding = 4; lastKnownFileType = sourcecode.c.h; path = protosw.h; sourceTree = "<group>"; };
		5993EDC712DC8C7B00177A0C /* domain.h */ = {isa = PBXFileReference; fileEncoding = 4; lastKnownFileType = sourcecode.c.h; path = domain.h; sourceTree = "<group>"; };
		59DA2AF312DB55DB00C2A1D9 /* gre_domain.h */ = {isa = PBXFileReference; fileEncoding = 4; lastKnownFileType = sourcecode.c.h; path = gre_domain.h; sourceTree = "<group>"; };
		59FD48C412DB358000463FB2 /* gre_domain.c */ = {isa = PBXFileReference; fileEncoding = 4; lastKnownFileType = sourcecode.c.c; path = gre_domain.c; sourceTree = "<group>"; };
		59FD48C612DB38D700463FB2 /* in_gre.h */ = {isa = PBXFileReference; fileEncoding = 4; lastKnownFileType = sourcecode.c.h; path = in_gre.h; sourceTree = "<group>"; };
		59FD48C712DB38D700463FB2 /* in_gre.c */ = {isa = PBXFileReference; fileEncoding = 4; lastKnownFileType = sourcecode.c.c; path = in_gre.c; sourceTree = "<group>"; };
		59FEBA1E12DEAA620089AA11 /* gre_ipfilter.c */ = {isa = PBXFileReference; fileEncoding = 4; lastKnownFileType = sourcecode.c.c; path = gre_ipfilter.c; sourceTree = "<group>"; };
		59FEBA1F12DEAA620089AA11 /* gre_ipfilter.h */ = {isa = PBXFileReference; fileEncoding = 4; lastKnownFileType = sourcecode.c.h; path = gre_ipfilter.h; sourceTree = "<group>"; };
		59FEBA2A12DEB13E0089AA11 /* gre_config.h */ = {isa = PBXFileReference; fileEncoding = 4; lastKnownFileType = sourcecode.c.h; path = gre_config.h; sourceTree = "<group>"; };
		D27513B306A6225300ADB3A4 /* Kernel.framework */ = {isa = PBXFileReference; lastKnownFileType = wrapper.framework; name = Kernel.framework; path = /Applications/Xcode.app/Contents/Developer/Platforms/MacOSX.platform/Developer/SDKs/MacOSX10.9.sdk/System/Library/Frameworks/Kernel.framework; sourceTree = "<absolute>"; };
/* End PBXFileReference section */

/* Begin PBXFrameworksBuildPhase section */
		32A4FEBF0562C75700D090E7 /* Frameworks */ = {
			isa = PBXFrameworksBuildPhase;
			buildActionMask = 2147483647;
			files = (
			);
			runOnlyForDeploymentPostprocessing = 0;
		};
/* End PBXFrameworksBuildPhase section */

/* Begin PBXGroup section */
		089C166AFE841209C02AAC07 /* gre */ = {
			isa = PBXGroup;
			children = (
				247142CAFF3F8F9811CA285C /* Source */,
				089C167CFE841241C02AAC07 /* Resources */,
				593D97D512DEB8E4005EE3D3 /* Other */,
				D27513B306A6225300ADB3A4 /* Kernel.framework */,
				19C28FB6FE9D52B211CA2CBB /* Products */,
			);
			name = gre;
			sourceTree = "<group>";
		};
		089C167CFE841241C02AAC07 /* Resources */ = {
			isa = PBXGroup;
			children = (
				32A4FEC30562C75700D090E7 /* Info.plist */,
				089C167DFE841241C02AAC07 /* InfoPlist.strings */,
			);
			name = Resources;
			sourceTree = "<group>";
		};
		19C28FB6FE9D52B211CA2CBB /* Products */ = {
			isa = PBXGroup;
			children = (
				32A4FEC40562C75800D090E7 /* GRE.kext */,
			);
			name = Products;
			sourceTree = "<group>";
		};
		247142CAFF3F8F9811CA285C /* Source */ = {
			isa = PBXGroup;
			children = (
				1A224C3CFF42312311CA2CB7 /* gre.c */,
				59059266129E8B5900E567E9 /* gre_if.h */,
				59059267129E8B5900E567E9 /* gre_if.c */,
				59FD48C612DB38D700463FB2 /* in_gre.h */,
				59FD48C712DB38D700463FB2 /* in_gre.c */,
				59636A0012D993420013C8D8 /* gre_hash.h */,
				59636A0112D993420013C8D8 /* gre_hash.c */,
				59DA2AF312DB55DB00C2A1D9 /* gre_domain.h */,
				59FD48C412DB358000463FB2 /* gre_domain.c */,
				59FEBA1F12DEAA620089AA11 /* gre_ipfilter.h */,
				59FEBA1E12DEAA620089AA11 /* gre_ipfilter.c */,
				5993EDBE12DC8BBF00177A0C /* protosw.h */,
				5993EDC712DC8C7B00177A0C /* domain.h */,
				594EABD312E18C86004B211B /* route.h */,
				594EABD912E190DE004B211B /* radix.h */,
				59FEBA2A12DEB13E0089AA11 /* gre_config.h */,
			);
			name = Source;
			sourceTree = "<group>";
		};
		593D97D512DEB8E4005EE3D3 /* Other */ = {
			isa = PBXGroup;
			children = (
				5927A9F612B5293900E4DED1 /* Welcome.rtf */,
				5927A9F812B5294C00E4DED1 /* ReadMe.rtf */,
				5927A9FA12B5295C00E4DED1 /* License.rtf */,
				593D97D612DEB917005EE3D3 /* org.gmshake.launchd.GRE.plist */,
				595C460012B66EA700A64934 /* postinstall.sh */,
			);
			name = Other;
			sourceTree = "<group>";
		};
/* End PBXGroup section */

/* Begin PBXHeadersBuildPhase section */
		32A4FEBA0562C75700D090E7 /* Headers */ = {
			isa = PBXHeadersBuildPhase;
			buildActionMask = 2147483647;
			files = (
				59059268129E8B5900E567E9 /* gre_if.h in Headers */,
				59636A0212D993420013C8D8 /* gre_hash.h in Headers */,
				59FD48C812DB38D700463FB2 /* in_gre.h in Headers */,
				59DA2AF412DB55DB00C2A1D9 /* gre_domain.h in Headers */,
				5993EDBF12DC8BBF00177A0C /* protosw.h in Headers */,
				5993EDC812DC8C7B00177A0C /* domain.h in Headers */,
				59FEBA2112DEAA620089AA11 /* gre_ipfilter.h in Headers */,
				59FEBA2B12DEB13E0089AA11 /* gre_config.h in Headers */,
				594EABD412E18C86004B211B /* route.h in Headers */,
				594EABDA12E190DE004B211B /* radix.h in Headers */,
			);
			runOnlyForDeploymentPostprocessing = 0;
		};
/* End PBXHeadersBuildPhase section */

/* Begin PBXNativeTarget section */
		32A4FEB80562C75700D090E7 /* GRE */ = {
			isa = PBXNativeTarget;
			buildConfigurationList = 1DEB91C308733DAC0010E9CD /* Build configuration list for PBXNativeTarget "GRE" */;
			buildPhases = (
				32A4FEBA0562C75700D090E7 /* Headers */,
				32A4FEBB0562C75700D090E7 /* Resources */,
				32A4FEBD0562C75700D090E7 /* Sources */,
				32A4FEBF0562C75700D090E7 /* Frameworks */,
				32A4FEC00562C75700D090E7 /* Rez */,
			);
			buildRules = (
			);
			dependencies = (
			);
			name = GRE;
			productInstallPath = "$(SYSTEM_LIBRARY_DIR)/Extensions";
			productName = gre;
			productReference = 32A4FEC40562C75800D090E7 /* GRE.kext */;
			productType = "com.apple.product-type.kernel-extension";
		};
/* End PBXNativeTarget section */

/* Begin PBXProject section */
		089C1669FE841209C02AAC07 /* Project object */ = {
			isa = PBXProject;
			attributes = {
				LastUpgradeCheck = 0450;
			};
			buildConfigurationList = 1DEB91C708733DAC0010E9CD /* Build configuration list for PBXProject "gre" */;
			compatibilityVersion = "Xcode 3.2";
			developmentRegion = English;
			hasScannedForEncodings = 1;
			knownRegions = (
				en,
			);
			mainGroup = 089C166AFE841209C02AAC07 /* gre */;
			projectDirPath = "";
			projectRoot = "";
			targets = (
				32A4FEB80562C75700D090E7 /* GRE */,
			);
		};
/* End PBXProject section */

/* Begin PBXResourcesBuildPhase section */
		32A4FEBB0562C75700D090E7 /* Resources */ = {
			isa = PBXResourcesBuildPhase;
			buildActionMask = 2147483647;
			files = (
				32A4FEBC0562C75700D090E7 /* InfoPlist.strings in Resources */,
			);
			runOnlyForDeploymentPostprocessing = 0;
		};
/* End PBXResourcesBuildPhase section */

/* Begin PBXRezBuildPhase section */
		32A4FEC00562C75700D090E7 /* Rez */ = {
			isa = PBXRezBuildPhase;
			buildActionMask = 2147483647;
			files = (
			);
			runOnlyForDeploymentPostprocessing = 0;
		};
/* End PBXRezBuildPhase section */

/* Begin PBXSourcesBuildPhase section */
		32A4FEBD0562C75700D090E7 /* Sources */ = {
			isa = PBXSourcesBuildPhase;
			buildActionMask = 2147483647;
			files = (
				32A4FEBE0562C75700D090E7 /* gre.c in Sources */,
				59059269129E8B5900E567E9 /* gre_if.c in Sources */,
				59636A0312D993420013C8D8 /* gre_hash.c in Sources */,
				59FD48C512DB358000463FB2 /* gre_domain.c in Sources */,
				59FD48C912DB38D700463FB2 /* in_gre.c in Sources */,
				59FEBA2012DEAA620089AA11 /* gre_ipfilter.c in Sources */,
			);
			runOnlyForDeploymentPostprocessing = 0;
		};
/* End PBXSourcesBuildPhase section */

/* Begin PBXVariantGroup section */
		089C167DFE841241C02AAC07 /* InfoPlist.strings */ = {
			isa = PBXVariantGroup;
			children = (
				089C167EFE841241C02AAC07 /* English */,
			);
			name = InfoPlist.strings;
			sourceTree = "<group>";
		};
/* End PBXVariantGroup section */

/* Begin XCBuildConfiguration section */
		1DEB91C408733DAC0010E9CD /* Debug */ = {
			isa = XCBuildConfiguration;
			buildSettings = {
				ALWAYS_SEARCH_USER_PATHS = NO;
				ARCHS = "$(ARCHS_STANDARD_64_BIT)";
				COMBINE_HIDPI_IMAGES = YES;
				COPY_PHASE_STRIP = NO;
				DEBUG_INFORMATION_FORMAT = dwarf;
				GCC_DYNAMIC_NO_PIC = NO;
				GCC_MODEL_TUNING = G5;
				GCC_OPTIMIZATION_LEVEL = 0;
				INFOPLIST_FILE = Info.plist;
				INSTALL_PATH = "$(SYSTEM_LIBRARY_DIR)/Extensions";
				MODULE_NAME = org.gmshake.nke.GRE;
				MODULE_START = gre_start;
				MODULE_STOP = gre_stop;
				MODULE_VERSION = 1.0.0d1;
				PRODUCT_NAME = GRE;
				SDKROOT = macosx;
				WRAPPER_EXTENSION = kext;
			};
			name = Debug;
		};
		1DEB91C508733DAC0010E9CD /* Release */ = {
			isa = XCBuildConfiguration;
			buildSettings = {
				ALWAYS_SEARCH_USER_PATHS = NO;
				ARCHS = "$(ARCHS_STANDARD_64_BIT)";
				COMBINE_HIDPI_IMAGES = YES;
				DEBUG_INFORMATION_FORMAT = dwarf;
				GCC_MODEL_TUNING = G5;
				GCC_VERSION = "";
				INFOPLIST_FILE = Info.plist;
				INSTALL_PATH = "$(SYSTEM_LIBRARY_DIR)/Extensions";
				MODULE_NAME = org.gmshake.nke.GRE;
				MODULE_START = gre_start;
				MODULE_STOP = gre_stop;
				MODULE_VERSION = 1.0.0d1;
				PRODUCT_NAME = GRE;
				SDKROOT = macosx;
				WRAPPER_EXTENSION = kext;
			};
			name = Release;
		};
		1DEB91C808733DAC0010E9CD /* Debug */ = {
			isa = XCBuildConfiguration;
			buildSettings = {
				ARCHS = "$(ARCHS_STANDARD_32_BIT)";
				GCC_C_LANGUAGE_STANDARD = c99;
				GCC_OPTIMIZATION_LEVEL = 0;
				GCC_WARN_ABOUT_RETURN_TYPE = YES;
				GCC_WARN_UNUSED_VARIABLE = YES;
				ONLY_ACTIVE_ARCH = YES;
				OTHER_CFLAGS = "-DDEBUG";
				PRODUCT_NAME = GRE;
				SDKROOT = macosx;
			};
			name = Debug;
		};
		1DEB91C908733DAC0010E9CD /* Release */ = {
			isa = XCBuildConfiguration;
			buildSettings = {
				ARCHS = "$(ARCHS_STANDARD_32_BIT)";
				GCC_C_LANGUAGE_STANDARD = c99;
				GCC_VERSION = "";
				GCC_WARN_ABOUT_RETURN_TYPE = YES;
				GCC_WARN_UNUSED_VARIABLE = YES;
				PRODUCT_NAME = GRE;
				SDKROOT = macosx;
			};
			name = Release;
		};
/* End XCBuildConfiguration section */

/* Begin XCConfigurationList section */
		1DEB91C308733DAC0010E9CD /* Build configuration list for PBXNativeTarget "GRE" */ = {
			isa = XCConfigurationList;
			buildConfigurations = (
				1DEB91C408733DAC0010E9CD /* Debug */,
				1DEB91C508733DAC0010E9CD /* Release */,
			);
			defaultConfigurationIsVisible = 0;
			defaultConfigurationName = Release;
		};
		1DEB91C708733DAC0010E9CD /* Build configuration list for PBXProject "gre" */ = {
			isa = XCConfigurationList;
			buildConfigurations = (
				1DEB91C808733DAC0010E9CD /* Debug */,
				1DEB91C908733DAC0010E9CD /* Release */,
			);
			defaultConfigurationIsVisible = 0;
			defaultConfigurationName = Release;
		};
/* End XCConfigurationList section */
	};
	rootObject = 089C1669FE841209C02AAC07 /* Project object */;
}
